{
  "name": "cron-class",
  "lockfileVersion": 3,
  "requires": true,
  "packages": {
    "": {
      "dependencies": {
        "dotenv": "^16.3.1",
        "node-cron": "^3.0.3",
        "node-pushover": "^1.0.0"
      }
    },
    "node_modules/dotenv": {
      "version": "16.3.1",
      "resolved": "https://registry.npmjs.org/dotenv/-/dotenv-16.3.1.tgz",
      "integrity": "sha512-IPzF4w4/Rd94bA9imS68tZBaYyBWSCE47V1RGuMrB94iyTOIEwRmVL2x/4An+6mETpLrKJ5hQkB8W4kFAadeIQ==",
      "engines": {
        "node": ">=12"
      },
      "funding": {
        "url": "https://github.com/motdotla/dotenv?sponsor=1"
      }
    },
    "node_modules/httpreq": {
      "version": "1.1.1",
      "resolved": "https://registry.npmjs.org/httpreq/-/httpreq-1.1.1.tgz",
      "integrity": "sha512-uhSZLPPD2VXXOSN8Cni3kIsoFHaU2pT/nySEU/fHr/ePbqHYr0jeiQRmUKLEirC09SFPsdMoA7LU7UXMd/w0Kw==",
      "engines": {
        "node": ">= 6.15.1"
      }
    },
    "node_modules/node-cron": {
      "version": "3.0.3",
      "resolved": "https://registry.npmjs.org/node-cron/-/node-cron-3.0.3.tgz",
      "integrity": "sha512-dOal67//nohNgYWb+nWmg5dkFdIwDm8EpeGYMekPMrngV3637lqnX0lbUcCtgibHTz6SEz7DAIjKvKDFYCnO1A==",
      "dependencies": {
        "uuid": "8.3.2"
      },
      "engines": {
        "node": ">=6.0.0"
      }
    },
    "node_modules/node-pushover": {
      "version": "1.0.0",
      "resolved": "https://registry.npmjs.org/node-pushover/-/node-pushover-1.0.0.tgz",
      "integrity": "sha512-yIIt6a60obTco2/Yr0/9iR4+4sDbDzlM3qpaJ99xnAwFlDeg29V5ur19D2L+S9i5LaBao5yAQKAdpvQ+7kVIng==",
      "dependencies": {
        "httpreq": "*"
      }
    },
    "node_modules/uuid": {
      "version": "8.3.2",
      "resolved": "https://registry.npmjs.org/uuid/-/uuid-8.3.2.tgz",
      "integrity": "sha512-+NYs2QeMWy+GWFOEm9xnn6HCDp0l7QBD7ml8zLUmJ+93Q5NF0NocErnwkTkXVFNiX3/fpC6afS8Dhb/gz7R7eg==",
      "bin": {
        "uuid": "dist/bin/uuid"
      }
    }
  }
}
